{
    "_meta": {
        "hash": {
            "sha256": "92c20f0e6c42bc617096a948a8e6e4ee78dce101c4754d6823e333871e063cb8"
        },
        "host-environment-markers": {
            "implementation_name": "cpython",
            "implementation_version": "3.5.2",
            "os_name": "posix",
            "platform_machine": "x86_64",
            "platform_python_implementation": "CPython",
            "platform_release": "4.13.0-26-generic",
            "platform_system": "Linux",
            "platform_version": "#29~16.04.2-Ubuntu SMP Tue Jan 9 22:00:44 UTC 2018",
            "python_full_version": "3.5.2",
            "python_version": "3.5",
            "sys_platform": "linux"
        },
        "pipfile-spec": 6,
        "requires": {},
        "sources": [
            {
                "name": "pypi",
                "url": "https://pypi.python.org/simple",
                "verify_ssl": true
            }
        ]
    },
    "default": {
        "certifi": {
            "hashes": [],
            "version": "==2017.11.5"
        },
        "chardet": {
            "hashes": [],
            "version": "==3.0.4"
        },
        "click": {
            "hashes": [],
            "version": "==6.7"
        },
        "enum34": {
            "hashes": [],
            "version": "==1.1.6"
        },
        "envparse": {
            "hashes": [],
            "version": "==0.2.0"
        },
        "idna": {
            "hashes": [],
            "version": "==2.6"
        },
        "pathlib": {
            "hashes": [],
            "version": "==1.0.1"
        },
        "pathlib2": {
            "hashes": [],
            "version": "==2.3.0"
        },
        "requests": {
            "hashes": [],
            "version": "==2.18.4"
        },
        "six": {
            "hashes": [],
            "version": "==1.11.0"
        },
        "urllib3": {
            "hashes": [],
            "version": "==1.22"
        }
    },
    "develop": {
        "alabaster": {
            "hashes": [],
            "version": "==0.7.10"
        },
        "apipkg": {
            "hashes": [],
            "version": "==1.4"
        },
        "attrs": {
            "hashes": [],
            "version": "==17.4.0"
        },
        "babel": {
            "hashes": [],
            "version": "==2.5.2"
        },
        "bleach": {
            "hashes": [],
            "version": "==2.1.2"
        },
        "bump2version": {
            "hashes": [],
            "version": "==0.5.7"
        },
        "certifi": {
            "hashes": [],
            "version": "==2017.11.5"
        },
        "chardet": {
            "hashes": [],
            "version": "==3.0.4"
        },
        "check-manifest": {
            "hashes": [],
            "version": "==0.36"
        },
        "click": {
            "hashes": [],
            "version": "==6.7"
        },
        "codecov": {
            "hashes": [],
            "version": "==2.0.13"
        },
        "coverage": {
            "hashes": [],
            "version": "==4.4.2"
        },
        "detox": {
            "hashes": [],
            "version": "==0.11"
        },
        "docutils": {
            "hashes": [],
            "version": "==0.13.1"
        },
        "enum34": {
            "hashes": [],
            "version": "==1.1.6"
        },
        "envparse": {
            "hashes": [],
            "version": "==0.2.0"
        },
        "eventlet": {
            "hashes": [],
            "version": "==0.22.0"
        },
        "execnet": {
            "hashes": [],
            "version": "==1.5.0"
        },
        "fa3f3bd": {
            "editable": true,
            "path": "/data/work/wooyek/fakturownia-python"
        },
        "factory-boy": {
            "hashes": [],
            "version": "==2.9.2"
        },
        "faker": {
            "hashes": [],
            "version": "==0.8.9"
        },
        "flake8": {
            "hashes": [],
            "version": "==3.5.0"
        },
        "greenlet": {
            "hashes": [],
            "version": "==0.4.12"
        },
        "html5lib": {
            "hashes": [],
            "version": "==1.0.1"
        },
        "idna": {
            "hashes": [],
            "version": "==2.6"
        },
        "imagesize": {
            "hashes": [],
            "version": "==0.7.1"
        },
        "isort": {
            "hashes": [],
            "version": "==4.2.15"
        },
        "jinja2": {
            "hashes": [],
            "version": "==2.10"
        },
        "markupsafe": {
            "hashes": [],
            "version": "==1.0"
        },
        "mccabe": {
            "hashes": [],
            "version": "==0.6.1"
        },
        "mock": {
            "hashes": [],
            "version": "==2.0.0"
        },
        "pathlib": {
            "hashes": [],
            "version": "==1.0.1"
        },
        "pbr": {
            "hashes": [],
            "version": "==3.1.1"
        },
        "pluggy": {
            "hashes": [],
            "version": "==0.6.0"
        },
        "psycopg2": {
            "hashes": [],
            "version": "==2.7.3.2"
        },
        "py": {
            "hashes": [],
            "version": "==1.5.2"
        },
        "pycodestyle": {
            "hashes": [],
            "version": "==2.3.1"
        },
        "pyenchant": {
            "hashes": [],
            "version": "==2.0.0"
        },
        "pyflakes": {
            "hashes": [],
            "version": "==1.6.0"
        },
        "pygments": {
            "hashes": [],
            "version": "==2.2.0"
        },
        "pytest": {
            "hashes": [],
            "version": "==3.3.2"
        },
        "pytest-cov": {
            "hashes": [],
            "version": "==2.5.1"
        },
        "pytest-doctest-ellipsis-markers": {
            "hashes": [],
            "version": "==0.1.0"
        },
        "pytest-forked": {
            "hashes": [],
            "version": "==0.2"
        },
        "pytest-html": {
            "hashes": [],
            "version": "==1.16.1"
        },
        "pytest-lazy-fixture": {
            "hashes": [],
            "version": "==0.4.0"
        },
        "pytest-metadata": {
            "hashes": [],
            "version": "==1.5.1"
        },
        "pytest-mock": {
            "hashes": [],
            "version": "==1.6.3"
        },
        "pytest-sugar": {
            "hashes": [],
            "version": "==0.9.0"
        },
        "pytest-xdist": {
            "hashes": [],
            "version": "==1.22.0"
        },
        "python-dateutil": {
            "hashes": [],
            "version": "==2.6.1"
        },
        "pytz": {
            "hashes": [],
            "version": "==2017.3"
        },
        "readme-renderer": {
            "hashes": [],
            "version": "==17.2"
        },
        "requests": {
            "hashes": [],
            "version": "==2.18.4"
        },
        "six": {
            "hashes": [],
            "version": "==1.11.0"
        },
        "snowballstemmer": {
            "hashes": [],
            "version": "==1.2.1"
        },
        "sphinx": {
            "hashes": [],
            "version": "==1.6.6"
        },
        "sphinx-rtd-theme": {
            "hashes": [],
            "version": "==0.2.4"
        },
        "sphinxcontrib-spelling": {
            "hashes": [],
            "version": "==4.0.1"
        },
        "sphinxcontrib-websupport": {
            "hashes": [],
            "version": "==1.0.1"
        },
        "termcolor": {
            "hashes": [],
            "version": "==1.1.0"
        },
        "text-unidecode": {
            "hashes": [],
            "version": "==1.1"
        },
        "tox": {
            "hashes": [],
            "version": "==2.9.1"
        },
        "urllib3": {
            "hashes": [],
            "version": "==1.22"
        },
        "virtualenv": {
            "hashes": [],
            "markers": "python_version != '3.2'",
            "version": "==15.1.0"
        },
        "webencodings": {
            "hashes": [],
            "version": "==0.5.1"
        }
    }
}
